{
  "version": 4,
  "terraform_version": "0.12.25",
  "serial": 5,
  "lineage": "7241680f-ec64-37cf-b42e-fbb97df2d020",
  "outputs": {
    "public-ip": {
      "value": "86.50.252.246",
      "type": "string"
    }
  },
  "resources": [
    {
      "mode": "data",
      "type": "openstack_compute_flavor_v2",
      "name": "compute_flavor_tiny",
      "provider": "provider.openstack",
      "instances": [
        {
          "schema_version": 0,
          "attributes": {
            "disk": 80,
            "extra_specs": {
              "standard": "true"
            },
            "flavor_id": "0143b0d1-4788-4d1f-aa04-4473e4a7c2a6",
            "id": "0143b0d1-4788-4d1f-aa04-4473e4a7c2a6",
            "is_public": true,
            "min_disk": null,
            "min_ram": null,
            "name": "standard.tiny",
            "ram": 1000,
            "region": null,
            "rx_tx_factor": 1,
            "swap": 0,
            "vcpus": 1
          }
        }
      ]
    },
    {
      "mode": "data",
      "type": "openstack_images_image_v2",
      "name": "centos_7",
      "provider": "provider.openstack",
      "instances": [
        {
          "schema_version": 0,
          "attributes": {
            "checksum": "f188592c92caf2ad132be23e56ded918",
            "container_format": "bare",
            "created_at": "2020-06-01T01:07:17Z",
            "disk_format": "qcow2",
            "file": "/v2/images/2201534f-0778-4e74-8b40-4f2df25f27fc/file",
            "id": "2201534f-0778-4e74-8b40-4f2df25f27fc",
            "member_status": null,
            "metadata": {},
            "min_disk_gb": 0,
            "min_ram_mb": 0,
            "most_recent": false,
            "name": "CentOS-7",
            "owner": "imgbuild",
            "properties": null,
            "protected": false,
            "region": null,
            "schema": "/v2/schemas/image",
            "size_bytes": 802312192,
            "size_max": null,
            "size_min": null,
            "sort_direction": "asc",
            "sort_key": "name",
            "tag": null,
            "tags": [],
            "updated_at": "2020-06-01T01:10:12Z",
            "visibility": "public"
          }
        }
      ]
    },
    {
      "mode": "managed",
      "type": "openstack_compute_floatingip_associate_v2",
      "name": "jump_host",
      "provider": "provider.openstack",
      "instances": [
        {
          "schema_version": 0,
          "attributes": {
            "fixed_ip": "",
            "floating_ip": "86.50.252.246",
            "id": "86.50.252.246/9f3f4609-c40b-4166-bc35-3e5bd5a27532/",
            "instance_id": "9f3f4609-c40b-4166-bc35-3e5bd5a27532",
            "region": "regionOne",
            "timeouts": null,
            "wait_until_associated": null
          },
          "private": "eyJlMmJmYjczMC1lY2FhLTExZTYtOGY4OC0zNDM2M2JjN2M0YzAiOnsiY3JlYXRlIjo2MDAwMDAwMDAwMDB9fQ==",
          "dependencies": [
            "openstack_compute_instance_v2.jump_host",
            "openstack_networking_floatingip_v2.floating_ip_1"
          ]
        }
      ]
    },
    {
      "mode": "managed",
      "type": "openstack_compute_instance_v2",
      "name": "jump_host",
      "provider": "provider.openstack",
      "instances": [
        {
          "schema_version": 0,
          "attributes": {
            "access_ip_v4": "192.168.1.15",
            "access_ip_v6": "",
            "admin_pass": null,
            "all_metadata": {},
            "all_tags": [],
            "availability_zone": "nova",
            "availability_zone_hints": null,
            "block_device": [],
            "config_drive": null,
            "flavor_id": "0143b0d1-4788-4d1f-aa04-4473e4a7c2a6",
            "flavor_name": "standard.tiny",
            "floating_ip": null,
            "force_delete": false,
            "id": "9f3f4609-c40b-4166-bc35-3e5bd5a27532",
            "image_id": "2201534f-0778-4e74-8b40-4f2df25f27fc",
            "image_name": "CentOS-7",
            "key_pair": "default_keypair",
            "metadata": null,
            "name": "jump_host",
            "network": [
              {
                "access_network": false,
                "fixed_ip_v4": "192.168.1.15",
                "fixed_ip_v6": "",
                "floating_ip": "",
                "mac": "fa:16:3e:67:12:55",
                "name": "project_2003115",
                "port": "",
                "uuid": ""
              }
            ],
            "personality": [],
            "power_state": "active",
            "region": "regionOne",
            "scheduler_hints": [],
            "security_groups": [
              "default"
            ],
            "stop_before_destroy": false,
            "tags": null,
            "timeouts": null,
            "user_data": null,
            "vendor_options": [],
            "volume": []
          },
          "private": "eyJlMmJmYjczMC1lY2FhLTExZTYtOGY4OC0zNDM2M2JjN2M0YzAiOnsiY3JlYXRlIjoxODAwMDAwMDAwMDAwLCJkZWxldGUiOjE4MDAwMDAwMDAwMDAsInVwZGF0ZSI6MTgwMDAwMDAwMDAwMH19"
        }
      ]
    },
    {
      "mode": "managed",
      "type": "openstack_networking_floatingip_v2",
      "name": "floating_ip_1",
      "provider": "provider.openstack",
      "instances": [
        {
          "schema_version": 0,
          "attributes": {
            "address": "86.50.252.246",
            "all_tags": [],
            "description": "",
            "dns_domain": "",
            "dns_name": "",
            "fixed_ip": "",
            "id": "8b2737b7-7e0e-4577-9f35-673b53892b75",
            "pool": "public",
            "port_id": "",
            "region": "regionOne",
            "subnet_id": null,
            "tags": [],
            "tenant_id": "e8888202dc3f466c94cce077c5041676",
            "timeouts": null,
            "value_specs": null
          },
          "private": "eyJlMmJmYjczMC1lY2FhLTExZTYtOGY4OC0zNDM2M2JjN2M0YzAiOnsiY3JlYXRlIjo2MDAwMDAwMDAwMDAsImRlbGV0ZSI6NjAwMDAwMDAwMDAwfX0="
        }
      ]
    }
  ]
}
